github.com/davecgh/go-spew v1.1.1/go.mod h1:J7Y8YcW2NihsgmVo/mv3lAwl/skON4iLHjSsI+c5H38=
github.com/julienschmidt/httprouter v1.3.0 h1:U0609e9tgbseu3rBINet9P48AI/D3oJs4dN7jwJOQ1U=
github.com/julienschmidt/httprouter v1.3.0/go.mod h1:JR6WtHb+2LUe8TCKY3cZOxFyyO8IZAc4RVcycCCAKdM=
github.com/op/go-logging v0.0.0-20160315200505-970db520ece7 h1:lDH9UUVJtmYCjyT0CI4q8xvlXPxeZ0gYCVvWbmPlp88=
github.com/op/go-logging v0.0.0-20160315200505-970db520ece7/go.mod h1:HzydrMdWErDVzsI23lYNej1Htcns9BCg93Dk0bBINWk=
gitlab.com/Divis/appdynamics-rest-api v0.1.4/go.mod h1:0Rq5RkxmTG2xuraRhtCJPqgtaUDWDDYK7BOd4YCTOmQ=
gitlab.com/Divis/appdynamics-rest-api v0.1.7 h1:JpSXa83bJJ5Xmtg5ww0vGuG8zCWkN/m19ZU8geRgpTo=
gitlab.com/Divis/appdynamics-rest-api v0.1.7/go.mod h1:0Rq5RkxmTG2xuraRhtCJPqgtaUDWDDYK7BOd4YCTOmQ=
gitlab.com/Divis/appdynamics-rest-api v0.1.8 h1:LjSx7Qg4lbVkHnerlsFg31U3vy8sBx6Z/dtv1kpHWZM=
gitlab.com/Divis/appdynamics-rest-api v0.1.8/go.mod h1:0Rq5RkxmTG2xuraRhtCJPqgtaUDWDDYK7BOd4YCTOmQ=
gitlab.com/Divis/appdynamics-rest-api v0.1.9 h1:T13FR3w41EEZRFx58Y2i6GigRNDBRpqx2d3atKKm7o0=
gitlab.com/Divis/appdynamics-rest-api v0.1.9/go.mod h1:0Rq5RkxmTG2xuraRhtCJPqgtaUDWDDYK7BOd4YCTOmQ=
gitlab.com/Divis/appdynamics-rest-api v0.1.10 h1:5oISoFzvBN/RyLShd2mQnfWTCIXPgZ8OIFlR3Os0Z9c=
gitlab.com/Divis/appdynamics-rest-api v0.1.10/go.mod h1:0Rq5RkxmTG2xuraRhtCJPqgtaUDWDDYK7BOd4YCTOmQ=
gitlab.com/Divis/appdynamics-rest-api v0.1.11 h1:i0LezqI5cJJvrNgxEJU4KVqLY+3Q4YPqD36HozjOsw8=
gitlab.com/Divis/appdynamics-rest-api v0.1.11/go.mod h1:0Rq5RkxmTG2xuraRhtCJPqgtaUDWDDYK7BOd4YCTOmQ=
gopkg.in/check.v1 v0.0.0-20161208181325-20d25e280405/go.mod h1:Co6ibVJAznAaIkqp8huTwlJQCZ016jof/cbN4VW5Yz0=
gopkg.in/yaml.v2 v2.4.0 h1:D8xgwECY7CYvx+Y2n4sBz93Jn9JRvxdiyyo8CTfuKaY=
gopkg.in/yaml.v2 v2.4.0/go.mod h1:RDklbk79AGWmwhnvt/jBztapEOGDOx6ZbXqjP6csGnQ=
sigs.k8s.io/yaml v1.3.0 h1:a2VclLzOGrwOHDiV8EfBGhvjHvP46CtW5j6POvhYGGo=
sigs.k8s.io/yaml v1.3.0/go.mod h1:GeOyir5tyXNByN85N/dRIT9es5UQNerPYEKK56eTBm8=
